PODS:
  - RxCocoa (3.5.0):
    - RxSwift (~> 3.4)
  - RxSwift (3.5.0)
  - SwiftDate (4.1.2)

DEPENDENCIES:
  - RxCocoa (~> 3.0)
  - RxSwift (~> 3.0)
  - SwiftDate (~> 4.0)

SPEC CHECKSUMS:
  RxCocoa: a0a09f45d0e5b48ecb6a4a7b4b4c89c88d3f633f
  RxSwift: 18ee9d78b45edb3b0b7e79916b47a116e6dbc842
  SwiftDate: 2dfdebd4f67ae71c9c3e2413ee3c56947f302858

PODFILE CHECKSUM: 9fd3dd636cd6388288a882e6646d9a4b86861fb4

COCOAPODS: 1.2.1
