PODS:
  - RxAtomic (4.4.0)
  - RxCocoa (4.4.0):
    - RxSwift (~> 4.0)
  - RxSwift (4.4.0):
    - RxAtomic (~> 4.4)
  - SampleLib (0.1.0):
    - RxSwift

DEPENDENCIES:
  - RxCocoa
  - RxSwift
  - SampleLib (from `../`)

SPEC REPOS:
  https://github.com/cocoapods/specs.git:
    - RxAtomic
    - RxCocoa
    - RxSwift

EXTERNAL SOURCES:
  SampleLib:
    :path: "../"

SPEC CHECKSUMS:
  RxAtomic: eacf60db868c96bfd63320e28619fe29c179656f
  RxCocoa: df63ebf7b9a70d6b4eeea407ed5dd4efc8979749
  RxSwift: 5976ecd04fc2fefd648827c23de5e11157faa973
  SampleLib: e7a7cc5c499e3a7dc5b76b39557388cd90d4ccf5

PODFILE CHECKSUM: 4ae830efeb647a2bd8acf9958f94375a3ac1762a

COCOAPODS: 1.5.3
